version = 1
revision = 3
requires-python = ">=3.13"

[[package]]
name = "arrow"
version = "1.4.0"
source = { registry = "https://pypi.org/simple" }
dependencies = [
    { name = "python-dateutil" },
    { name = "tzdata" },
]
sdist = { url = "https://files.pythonhosted.org/packages/b9/33/032cdc44182491aa708d06a68b62434140d8c50820a087fac7af37703357/arrow-1.4.0.tar.gz", hash = "sha256:ed0cc050e98001b8779e84d461b0098c4ac597e88704a655582b21d116e526d7", size = 152931, upload-time = "2025-10-18T17:46:46.761Z" }
wheels = [
    { url = "https://files.pythonhosted.org/packages/ed/c9/d7977eaacb9df673210491da99e6a247e93df98c715fc43fd136ce1d3d33/arrow-1.4.0-py3-none-any.whl", hash = "sha256:749f0769958ebdc79c173ff0b0670d59051a535fa26e8eba02953dc19eb43205", size = 68797, upload-time = "2025-10-18T17:46:45.663Z" },
]

[[package]]
name = "colorama"
version = "0.4.6"
source = { registry = "https://pypi.org/simple" }
sdist = { url = "https://files.pythonhosted.org/packages/d8/53/6f443c9a4a8358a93a6792e2acffb9d9d5cb0a5cfd8802644b7b1c9a02e4/colorama-0.4.6.tar.gz", hash = "sha256:08695f5cb7ed6e0531a20572697297273c47b8cae5a63ffc6d6ed5c201be6e44", size = 27697, upload-time = "2022-10-25T02:36:22.414Z" }
wheels = [
    { url = "https://files.pythonhosted.org/packages/d1/d6/3965ed04c63042e047cb6a3e6ed1a63a35087b6a609aa3a15ed8ac56c221/colorama-0.4.6-py2.py3-none-any.whl", hash = "sha256:4f1d9991f5acc0ca119f9d443620b77f9d6b33703e51011c16baf57afb285fc6", size = 25335, upload-time = "2022-10-25T02:36:20.889Z" },
]

[[package]]
name = "construct"
version = "2.10.68"
source = { registry = "https://pypi.org/simple" }
sdist = { url = "https://files.pythonhosted.org/packages/e0/b7/a4a032e94bcfdff481f2e6fecd472794d9da09f474a2185ed33b2c7cad64/construct-2.10.68.tar.gz", hash = "sha256:7b2a3fd8e5f597a5aa1d614c3bd516fa065db01704c72a1efaaeec6ef23d8b45", size = 57856, upload-time = "2022-02-21T23:09:15.1Z" }

[[package]]
name = "construct-editor"
version = "0.1.5"
source = { registry = "https://pypi.org/simple" }
dependencies = [
    { name = "arrow" },
    { name = "construct" },
    { name = "construct-typing" },
    { name = "typing-extensions" },
    { name = "wrapt" },
    { name = "wxpython" },
]
sdist = { url = "https://files.pythonhosted.org/packages/57/ca/f56e4399d49a32143c070f31b163121f62a0f07a293e5c0ee9f24c22a13a/construct-editor-0.1.5.tar.gz", hash = "sha256:51f24fc5d5d8c8cf26c8f369474a742553129d54644c43f20d3fd74ca8f6caec", size = 77141, upload-time = "2023-07-24T09:22:56.261Z" }
wheels = [
    { url = "https://files.pythonhosted.org/packages/82/12/76673426fd82f23642578e4d2d44299dc8d53746b2427c1b433e28d94cb5/construct_editor-0.1.5-py3-none-any.whl", hash = "sha256:deb4acfb79736cae1b423fa44b73a9c6fb4ee8116a51c69e39f366ce0df7b1ae", size = 96129, upload-time = "2023-07-24T09:22:54.598Z" },
]

[[package]]
name = "construct-typing"
version = "0.6.2"
source = { registry = "https://pypi.org/simple" }
dependencies = [
    { name = "construct" },
    { name = "typing-extensions" },
]
sdist = { url = "https://files.pythonhosted.org/packages/f1/13/c609e60a687252813aa4b69f989f42754ccd5e217717216fc852eefedfd7/construct-typing-0.6.2.tar.gz", hash = "sha256:948e998cfc003681dc34f2d071c3a688cf35b805cbe107febbc488ef967ccba1", size = 22029, upload-time = "2023-08-03T07:31:06.205Z" }
wheels = [
    { url = "https://files.pythonhosted.org/packages/b2/0b/ab3ce2b27dd74b6a6703065bd304ea8211ff4de3b1c304446ed95234177b/construct_typing-0.6.2-py3-none-any.whl", hash = "sha256:ebea6989ac622d0c4eb457092cef0c7bfbcfa110bd018670fea7064d0bc09e47", size = 23298, upload-time = "2023-08-03T07:31:04.545Z" },
]

[[package]]
name = "dat-to-hex"
version = "0.0.4"
source = { virtual = "." }
dependencies = [
    { name = "colorama" },
    { name = "construct" },
    { name = "construct-editor" },
    { name = "readchar" },
    { name = "tqdm" },
]

[package.metadata]
requires-dist = [
    { name = "colorama", specifier = ">=0.4.6" },
    { name = "construct", specifier = "==2.10.68" },
    { name = "construct-editor", specifier = ">=0.1.5" },
    { name = "readchar", specifier = ">=4.2.1" },
    { name = "tqdm", specifier = ">=4.67.1" },
]

[[package]]
name = "python-dateutil"
version = "2.9.0.post0"
source = { registry = "https://pypi.org/simple" }
dependencies = [
    { name = "six" },
]
sdist = { url = "https://files.pythonhosted.org/packages/66/c0/0c8b6ad9f17a802ee498c46e004a0eb49bc148f2fd230864601a86dcf6db/python-dateutil-2.9.0.post0.tar.gz", hash = "sha256:37dd54208da7e1cd875388217d5e00ebd4179249f90fb72437e91a35459a0ad3", size = 342432, upload-time = "2024-03-01T18:36:20.211Z" }
wheels = [
    { url = "https://files.pythonhosted.org/packages/ec/57/56b9bcc3c9c6a792fcbaf139543cee77261f3651ca9da0c93f5c1221264b/python_dateutil-2.9.0.post0-py2.py3-none-any.whl", hash = "sha256:a8b2bc7bffae282281c8140a97d3aa9c14da0b136dfe83f850eea9a5f7470427", size = 229892, upload-time = "2024-03-01T18:36:18.57Z" },
]

[[package]]
name = "readchar"
version = "4.2.1"
source = { registry = "https://pypi.org/simple" }
sdist = { url = "https://files.pythonhosted.org/packages/dd/f8/8657b8cbb4ebeabfbdf991ac40eca8a1d1bd012011bd44ad1ed10f5cb494/readchar-4.2.1.tar.gz", hash = "sha256:91ce3faf07688de14d800592951e5575e9c7a3213738ed01d394dcc949b79adb", size = 9685, upload-time = "2024-11-04T18:28:07.757Z" }
wheels = [
    { url = "https://files.pythonhosted.org/packages/a9/10/e4b1e0e5b6b6745c8098c275b69bc9d73e9542d5c7da4f137542b499ed44/readchar-4.2.1-py3-none-any.whl", hash = "sha256:a769305cd3994bb5fa2764aa4073452dc105a4ec39068ffe6efd3c20c60acc77", size = 9350, upload-time = "2024-11-04T18:28:02.859Z" },
]

[[package]]
name = "six"
version = "1.17.0"
source = { registry = "https://pypi.org/simple" }
sdist = { url = "https://files.pythonhosted.org/packages/94/e7/b2c673351809dca68a0e064b6af791aa332cf192da575fd474ed7d6f16a2/six-1.17.0.tar.gz", hash = "sha256:ff70335d468e7eb6ec65b95b99d3a2836546063f63acc5171de367e834932a81", size = 34031, upload-time = "2024-12-04T17:35:28.174Z" }
wheels = [
    { url = "https://files.pythonhosted.org/packages/b7/ce/149a00dd41f10bc29e5921b496af8b574d8413afcd5e30dfa0ed46c2cc5e/six-1.17.0-py2.py3-none-any.whl", hash = "sha256:4721f391ed90541fddacab5acf947aa0d3dc7d27b2e1e8eda2be8970586c3274", size = 11050, upload-time = "2024-12-04T17:35:26.475Z" },
]

[[package]]
name = "tqdm"
version = "4.67.1"
source = { registry = "https://pypi.org/simple" }
dependencies = [
    { name = "colorama", marker = "sys_platform == 'win32'" },
]
sdist = { url = "https://files.pythonhosted.org/packages/a8/4b/29b4ef32e036bb34e4ab51796dd745cdba7ed47ad142a9f4a1eb8e0c744d/tqdm-4.67.1.tar.gz", hash = "sha256:f8aef9c52c08c13a65f30ea34f4e5aac3fd1a34959879d7e59e63027286627f2", size = 169737, upload-time = "2024-11-24T20:12:22.481Z" }
wheels = [
    { url = "https://files.pythonhosted.org/packages/d0/30/dc54f88dd4a2b5dc8a0279bdd7270e735851848b762aeb1c1184ed1f6b14/tqdm-4.67.1-py3-none-any.whl", hash = "sha256:26445eca388f82e72884e0d580d5464cd801a3ea01e63e5601bdff9ba6a48de2", size = 78540, upload-time = "2024-11-24T20:12:19.698Z" },
]

[[package]]
name = "typing-extensions"
version = "4.15.0"
source = { registry = "https://pypi.org/simple" }
sdist = { url = "https://files.pythonhosted.org/packages/72/94/1a15dd82efb362ac84269196e94cf00f187f7ed21c242792a923cdb1c61f/typing_extensions-4.15.0.tar.gz", hash = "sha256:0cea48d173cc12fa28ecabc3b837ea3cf6f38c6d1136f85cbaaf598984861466", size = 109391, upload-time = "2025-08-25T13:49:26.313Z" }
wheels = [
    { url = "https://files.pythonhosted.org/packages/18/67/36e9267722cc04a6b9f15c7f3441c2363321a3ea07da7ae0c0707beb2a9c/typing_extensions-4.15.0-py3-none-any.whl", hash = "sha256:f0fa19c6845758ab08074a0cfa8b7aecb71c999ca73d62883bc25cc018c4e548", size = 44614, upload-time = "2025-08-25T13:49:24.86Z" },
]

[[package]]
name = "tzdata"
version = "2025.2"
source = { registry = "https://pypi.org/simple" }
sdist = { url = "https://files.pythonhosted.org/packages/95/32/1a225d6164441be760d75c2c42e2780dc0873fe382da3e98a2e1e48361e5/tzdata-2025.2.tar.gz", hash = "sha256:b60a638fcc0daffadf82fe0f57e53d06bdec2f36c4df66280ae79bce6bd6f2b9", size = 196380, upload-time = "2025-03-23T13:54:43.652Z" }
wheels = [
    { url = "https://files.pythonhosted.org/packages/5c/23/c7abc0ca0a1526a0774eca151daeb8de62ec457e77262b66b359c3c7679e/tzdata-2025.2-py2.py3-none-any.whl", hash = "sha256:1a403fada01ff9221ca8044d701868fa132215d84beb92242d9acd2147f667a8", size = 347839, upload-time = "2025-03-23T13:54:41.845Z" },
]

[[package]]
name = "wrapt"
version = "2.0.0"
source = { registry = "https://pypi.org/simple" }
sdist = { url = "https://files.pythonhosted.org/packages/49/19/5e5bcd855d808892fe02d49219f97a50f64cd6d8313d75df3494ee97b1a3/wrapt-2.0.0.tar.gz", hash = "sha256:35a542cc7a962331d0279735c30995b024e852cf40481e384fd63caaa391cbb9", size = 81722, upload-time = "2025-10-19T23:47:54.07Z" }
wheels = [
    { url = "https://files.pythonhosted.org/packages/18/0a/dd88abfe756b1aa79f0777e5ee4ce9e4b5dc4999bd805e9b04b52efc7b18/wrapt-2.0.0-cp313-cp313-macosx_10_13_universal2.whl", hash = "sha256:e2ea096db28d5eb64d381af0e93464621ace38a7003a364b6b5ffb7dd713aabe", size = 78083, upload-time = "2025-10-19T23:46:16.937Z" },
    { url = "https://files.pythonhosted.org/packages/7f/b9/8afebc1655a863bb2178b23c2d699b8743f3a7dab466904adc6155f3c858/wrapt-2.0.0-cp313-cp313-macosx_10_13_x86_64.whl", hash = "sha256:c92b5a82d28491e3f14f037e1aae99a27a5e6e0bb161e65f52c0445a3fa7c940", size = 61156, upload-time = "2025-10-19T23:46:17.927Z" },
    { url = "https://files.pythonhosted.org/packages/bb/8b/f710a6528ccc52e21943f42c8cf64814cde90f9adbd3bcd58c7c274b4f75/wrapt-2.0.0-cp313-cp313-macosx_11_0_arm64.whl", hash = "sha256:81d234718aabe632d179fac52c7f69f0f99fbaac4d4bcd670e62462bbcbfcad7", size = 61641, upload-time = "2025-10-19T23:46:19.229Z" },
    { url = "https://files.pythonhosted.org/packages/e4/5f/e4eabd0cc6684c5b208c2abc5c3459449c4d15be1694a9bbcf51e0e135fd/wrapt-2.0.0-cp313-cp313-manylinux1_x86_64.manylinux_2_28_x86_64.manylinux_2_5_x86_64.whl", hash = "sha256:db2eea83c43f84e4e41dbbb4c1de371a53166e55f900a6b130c3ef51c6345c1a", size = 121454, upload-time = "2025-10-19T23:46:21.808Z" },
    { url = "https://files.pythonhosted.org/packages/6f/c4/ec31ee17cc7866960d323609ba7402be786d211a6d713a59f776c4270bb3/wrapt-2.0.0-cp313-cp313-manylinux2014_aarch64.manylinux_2_17_aarch64.manylinux_2_28_aarch64.whl", hash = "sha256:65f50e356c425c061e1e17fe687ff30e294fed9bf3441dc1f13ef73859c2a817", size = 123063, upload-time = "2025-10-19T23:46:23.545Z" },
    { url = "https://files.pythonhosted.org/packages/b0/2b/a4b10c3c0022e40aeae9bec009bafb049f440493f0575ebb27ecf61c32f8/wrapt-2.0.0-cp313-cp313-manylinux_2_31_riscv64.manylinux_2_39_riscv64.whl", hash = "sha256:887f2a667e3cbfb19e204032d42ad7dedaa43972e4861dc7a3d51ae951d9b578", size = 117401, upload-time = "2025-10-19T23:46:20.433Z" },
    { url = "https://files.pythonhosted.org/packages/2a/4a/ade23a76967e1f148e461076a4d0e24a7950a5f18b394c9107fe60224ae2/wrapt-2.0.0-cp313-cp313-musllinux_1_2_aarch64.whl", hash = "sha256:9054829da4be461e3ad3192e4b6bbf1fc18af64c9975ce613aec191924e004dc", size = 121485, upload-time = "2025-10-19T23:46:24.85Z" },
    { url = "https://files.pythonhosted.org/packages/cb/ba/33b5f3e2edede4e1cfd259f0d9c203cf370f259bb9b215dd58fc6cbb94e9/wrapt-2.0.0-cp313-cp313-musllinux_1_2_riscv64.whl", hash = "sha256:b952ffd77133a5a2798ee3feb18e51b0a299d2f440961e5bb7737dbb02e57289", size = 116276, upload-time = "2025-10-19T23:46:27.006Z" },
    { url = "https://files.pythonhosted.org/packages/eb/bf/b7f95bb4529a35ca11eb95d48f9d1a563b495471f7cf404c644566fb4293/wrapt-2.0.0-cp313-cp313-musllinux_1_2_x86_64.whl", hash = "sha256:e25fde03c480061b8234d8ee4863eb5f40a9be4fb258ce105b364de38fc6bcf9", size = 120578, upload-time = "2025-10-19T23:46:28.679Z" },
    { url = "https://files.pythonhosted.org/packages/f8/71/984849df6f052592474a44aafd6b847e1cffad39b0debc5390a04aa46331/wrapt-2.0.0-cp313-cp313-win32.whl", hash = "sha256:49e982b7860d325094978292a49e0418833fc7fc42c0dc7cd0b7524d7d06ee74", size = 58178, upload-time = "2025-10-19T23:46:32.372Z" },
    { url = "https://files.pythonhosted.org/packages/f9/3b/4e1fc0f2e1355fbc55ab248311bf4c958dbbd96bd9183b9e96882cc16213/wrapt-2.0.0-cp313-cp313-win_amd64.whl", hash = "sha256:6e5c86389d9964050ce50babe247d172a5e3911d59a64023b90db2b4fa00ae7c", size = 60423, upload-time = "2025-10-19T23:46:30.041Z" },
    { url = "https://files.pythonhosted.org/packages/20/0a/9384e0551f56fe361f41bb8f209a13bb9ef689c3a18264225b249849b12c/wrapt-2.0.0-cp313-cp313-win_arm64.whl", hash = "sha256:b96fdaa4611e05c7231937930567d3c16782be9dbcf03eb9f60d83e57dd2f129", size = 58918, upload-time = "2025-10-19T23:46:31.056Z" },
    { url = "https://files.pythonhosted.org/packages/68/70/37b90d3ee5bf0d0dc4859306383da08b685c9a51abff6fd6b0a7c052e117/wrapt-2.0.0-cp313-cp313t-macosx_10_13_universal2.whl", hash = "sha256:f2c7b7fead096dbf1dcc455b7f59facb05de3f5bfb04f60a69f98cdfe6049e5f", size = 81980, upload-time = "2025-10-19T23:46:33.368Z" },
    { url = "https://files.pythonhosted.org/packages/95/23/0ce69cc90806b90b3ee4cfd9ad8d2ee9becc3a1aab7df3c3bfc7d0904cb6/wrapt-2.0.0-cp313-cp313t-macosx_10_13_x86_64.whl", hash = "sha256:04c7c8393f25b11c0faa5d907dd9eb462e87e4e7ba55e308a046d7ed37f4bbe2", size = 62900, upload-time = "2025-10-19T23:46:34.415Z" },
    { url = "https://files.pythonhosted.org/packages/54/76/03ec08170c02f38f3be3646977920976b968e0b704a0693a98f95d02f4d2/wrapt-2.0.0-cp313-cp313t-macosx_11_0_arm64.whl", hash = "sha256:a93e0f8b376c0735b2f4daf58018b4823614d2b896cb72b6641c4d3dbdca1d75", size = 63636, upload-time = "2025-10-19T23:46:35.643Z" },
    { url = "https://files.pythonhosted.org/packages/75/c1/04ce0511e504cdcd84cdb6980bc7d4efa38ac358e8103d6dd0cd278bfc6d/wrapt-2.0.0-cp313-cp313t-manylinux1_x86_64.manylinux_2_28_x86_64.manylinux_2_5_x86_64.whl", hash = "sha256:b42d13603da4416c43c430dbc6313c8d7ff745c40942f146ed4f6dd02c7d2547", size = 152650, upload-time = "2025-10-19T23:46:38.717Z" },
    { url = "https://files.pythonhosted.org/packages/17/06/cd2e32b5f744701189c954f9ab5eee449c86695b13f414bb8ea7a83f6d48/wrapt-2.0.0-cp313-cp313t-manylinux2014_aarch64.manylinux_2_17_aarch64.manylinux_2_28_aarch64.whl", hash = "sha256:c8bbd2472abf8c33480ad2314b1f8fac45d592aba6cc093e8839a7b2045660e6", size = 158811, upload-time = "2025-10-19T23:46:40.875Z" },
    { url = "https://files.pythonhosted.org/packages/7d/a2/a6d920695cca62563c1b969064e5cd2051344a6e330c184b6f80383d87e4/wrapt-2.0.0-cp313-cp313t-manylinux_2_31_riscv64.manylinux_2_39_riscv64.whl", hash = "sha256:e64a3a1fd9a308ab9b815a2ad7a65b679730629dbf85f8fc3f7f970d634ee5df", size = 146033, upload-time = "2025-10-19T23:46:37.351Z" },
    { url = "https://files.pythonhosted.org/packages/c6/90/7fd2abe4ec646bc43cb6b0d05086be6fcf15e64f06f51fc4198804396d68/wrapt-2.0.0-cp313-cp313t-musllinux_1_2_aarch64.whl", hash = "sha256:d61214525eaf88e0d0edf3d1ad5b5889863c6f88e588c6cdc6aa4ee5d1f10a4a", size = 155673, upload-time = "2025-10-19T23:46:42.582Z" },
    { url = "https://files.pythonhosted.org/packages/5f/8d/6cce7f8c41633e677ac8aa34e84b53a22a645ec2a680deb991785ca2798d/wrapt-2.0.0-cp313-cp313t-musllinux_1_2_riscv64.whl", hash = "sha256:04f7a5f92c5f7324a1735043cc467b1295a1c5b4e0c1395472b7c44706e3dc61", size = 144364, upload-time = "2025-10-19T23:46:44.381Z" },
    { url = "https://files.pythonhosted.org/packages/72/42/9570349e03afa9d83daf7f33ffb17e8cdc62d7e84c0d09005d0f51912efa/wrapt-2.0.0-cp313-cp313t-musllinux_1_2_x86_64.whl", hash = "sha256:2356f76cb99b3de5b4e5b8210367fbbb81c7309fe39b622f5d199dd88eb7f765", size = 150275, upload-time = "2025-10-19T23:46:45.662Z" },
    { url = "https://files.pythonhosted.org/packages/f2/d8/448728e6fe030e5c4f1022c82cd3af1de1c672fa53d2d5b36b32a55ce7bf/wrapt-2.0.0-cp313-cp313t-win32.whl", hash = "sha256:0a921b657a224e40e4bc161b5d33934583b34f0c9c5bdda4e6ac66f9d2fcb849", size = 59867, upload-time = "2025-10-19T23:46:49.593Z" },
    { url = "https://files.pythonhosted.org/packages/8f/b1/ad812b1fe1cd85f6498dc3a3c9809a1e880d6108283b1735119bec217041/wrapt-2.0.0-cp313-cp313t-win_amd64.whl", hash = "sha256:c16f6d4eea98080f6659a8a7fc559d4a0a337ee66960659265cad2c8a40f7c0f", size = 63170, upload-time = "2025-10-19T23:46:46.87Z" },
    { url = "https://files.pythonhosted.org/packages/7f/29/c105b1e76650c82823c491952a7a8eafe09b78944f7a43f22d37ed860229/wrapt-2.0.0-cp313-cp313t-win_arm64.whl", hash = "sha256:52878edc13dc151c58a9966621d67163a80654bc6cff4b2e1c79fa62d0352b26", size = 60339, upload-time = "2025-10-19T23:46:47.862Z" },
    { url = "https://files.pythonhosted.org/packages/f8/38/0dd39f83163fd28326afba84e3e416656938df07e60a924ac4d992b30220/wrapt-2.0.0-cp314-cp314-macosx_10_13_universal2.whl", hash = "sha256:79a53d86c2aff7b32cc77267e3a308365d1fcb881e74bc9cbe26f63ee90e37f0", size = 78242, upload-time = "2025-10-19T23:46:51.096Z" },
    { url = "https://files.pythonhosted.org/packages/08/ef/fa7a5c1d73f8690c712f9d2e4615700c6809942536dd3f441b9ba650a310/wrapt-2.0.0-cp314-cp314-macosx_10_13_x86_64.whl", hash = "sha256:d731a4f22ed6ffa4cb551b4d2b0c24ff940c27a88edaf8e3490a5ee3a05aef71", size = 61207, upload-time = "2025-10-19T23:46:52.558Z" },
    { url = "https://files.pythonhosted.org/packages/23/d9/67cb93da492eb0a1cb17b7ed18220d059e58f00467ce6728b674d3441b3d/wrapt-2.0.0-cp314-cp314-macosx_11_0_arm64.whl", hash = "sha256:3e02ab8c0ac766a5a6e81cd3b6cc39200c69051826243182175555872522bd5a", size = 61748, upload-time = "2025-10-19T23:46:54.468Z" },
    { url = "https://files.pythonhosted.org/packages/e5/be/912bbd70cc614f491b526a1d7fe85695b283deed19287b9f32460178c54d/wrapt-2.0.0-cp314-cp314-manylinux1_x86_64.manylinux_2_28_x86_64.manylinux_2_5_x86_64.whl", hash = "sha256:895870602d65d7338edb3b6a717d856632ad9f14f7ff566214e4fb11f0816649", size = 120424, upload-time = "2025-10-19T23:46:57.575Z" },
    { url = "https://files.pythonhosted.org/packages/b2/e1/10df8937e7da2aa9bc3662a4b623e51a323c68f42cad7b13f0e61a700ce2/wrapt-2.0.0-cp314-cp314-manylinux2014_aarch64.manylinux_2_17_aarch64.manylinux_2_28_aarch64.whl", hash = "sha256:0b9ad4fab76a0086dc364c4f17f39ad289600e73ef5c6e9ab529aff22cac1ac3", size = 122804, upload-time = "2025-10-19T23:46:59.308Z" },
    { url = "https://files.pythonhosted.org/packages/f3/60/576751b1919adab9f63168e3b5fd46c0d1565871b1cc4c2569503ccf4be6/wrapt-2.0.0-cp314-cp314-manylinux_2_31_riscv64.manylinux_2_39_riscv64.whl", hash = "sha256:e7ca0562606d7bad2736b2c18f61295d61f50cd3f4bfc51753df13614dbcce1b", size = 117398, upload-time = "2025-10-19T23:46:55.814Z" },
    { url = "https://files.pythonhosted.org/packages/ec/55/243411f360cc27bae5f8e21c16f1a8d87674c5534f4558e8a97c1e0d1c6f/wrapt-2.0.0-cp314-cp314-musllinux_1_2_aarch64.whl", hash = "sha256:fe089d9f5a4a3dea0108a8ae34bced114d0c4cca417bada1c5e8f42d98af9050", size = 121230, upload-time = "2025-10-19T23:47:01.347Z" },
    { url = "https://files.pythonhosted.org/packages/d6/23/2f21f692c3b3f0857cb82708ce0c341fbac55a489d4025ae4e3fd5d5de8c/wrapt-2.0.0-cp314-cp314-musllinux_1_2_riscv64.whl", hash = "sha256:e761f2d2f8dbc80384af3d547b522a80e67db3e319c7b02e7fd97aded0a8a678", size = 116296, upload-time = "2025-10-19T23:47:02.659Z" },
    { url = "https://files.pythonhosted.org/packages/bd/ed/678957fad212cfb1b65b2359d62f5619f5087d1d1cf296c6a996be45171c/wrapt-2.0.0-cp314-cp314-musllinux_1_2_x86_64.whl", hash = "sha256:17ba1bdc52d0c783481850996aa26cea5237720769197335abea2ae6b4c23bc0", size = 119602, upload-time = "2025-10-19T23:47:03.775Z" },
    { url = "https://files.pythonhosted.org/packages/dc/e3/aeb4c3b052d3eed95e61babc20dcb1a512651e098cca4b84a6896585c06a/wrapt-2.0.0-cp314-cp314-win32.whl", hash = "sha256:f73318741b141223a4674ba96992aa2291b1b3f7a5e85cb3c2c964f86171eb45", size = 58649, upload-time = "2025-10-19T23:47:07.382Z" },
    { url = "https://files.pythonhosted.org/packages/aa/2a/a71c51cb211798405b59172c7df5789a5b934b18317223cf22e0c6f852de/wrapt-2.0.0-cp314-cp314-win_amd64.whl", hash = "sha256:8e08d4edb13cafe7b3260f31d4de033f73d3205774540cf583bffaa4bec97db9", size = 60897, upload-time = "2025-10-19T23:47:04.862Z" },
    { url = "https://files.pythonhosted.org/packages/f8/a5/acc5628035d06f69e9144cca543ca54c33b42a5a23b6f1e8fa131026db89/wrapt-2.0.0-cp314-cp314-win_arm64.whl", hash = "sha256:af01695c2b7bbd8d67b869d8e3de2b123a7bfbee0185bdd138c2775f75373b83", size = 59306, upload-time = "2025-10-19T23:47:05.883Z" },
    { url = "https://files.pythonhosted.org/packages/a7/e6/1318ca07d7fcee57e4592a78dacd9d5493b8ddd971c553a62904fb2c0cf2/wrapt-2.0.0-cp314-cp314t-macosx_10_13_universal2.whl", hash = "sha256:057f02c13cce7b26c79624c06a3e1c2353e6dc9708525232232f6768118042ca", size = 81987, upload-time = "2025-10-19T23:47:08.7Z" },
    { url = "https://files.pythonhosted.org/packages/e7/bf/ffac358ddf61c3923d94a8b0e7620f2af1cd1b637a0fe4963a3919aa62b7/wrapt-2.0.0-cp314-cp314t-macosx_10_13_x86_64.whl", hash = "sha256:79bdd84570267f3f43d609c892ae2d30b91ee4b8614c2cbfd311a2965f1c9bdb", size = 62902, upload-time = "2025-10-19T23:47:10.248Z" },
    { url = "https://files.pythonhosted.org/packages/b5/af/387c51f9e7b544fe95d852fc94f9f3866e3f7d7d39c2ee65041752f90bc2/wrapt-2.0.0-cp314-cp314t-macosx_11_0_arm64.whl", hash = "sha256:93c8b4f4d54fd401a817abbfc9bf482aa72fd447f8adf19ce81d035b3f5c762c", size = 63635, upload-time = "2025-10-19T23:47:11.746Z" },
    { url = "https://files.pythonhosted.org/packages/7c/99/d38d8c80b9cc352531d4d539a17e3674169a5cc25a7e6e5e3c27bc29893e/wrapt-2.0.0-cp314-cp314t-manylinux1_x86_64.manylinux_2_28_x86_64.manylinux_2_5_x86_64.whl", hash = "sha256:5e09ffd31001dce71c2c2a4fc201bdba9a2f9f62b23700cf24af42266e784741", size = 152659, upload-time = "2025-10-19T23:47:15.344Z" },
    { url = "https://files.pythonhosted.org/packages/5a/2a/e154432f274e22ecf2465583386c5ceffa5e0bab3947c1c5b26cc8e7b275/wrapt-2.0.0-cp314-cp314t-manylinux2014_aarch64.manylinux_2_17_aarch64.manylinux_2_28_aarch64.whl", hash = "sha256:d87c285ff04e26083c4b03546e7b74df7ba4f1f32f1dcb92e9ac13c2dbb4c379", size = 158818, upload-time = "2025-10-19T23:47:17.569Z" },
    { url = "https://files.pythonhosted.org/packages/c5/7a/3a40c453300e2898e99c27495b8109ff7cd526997d12cfb8ebd1843199a4/wrapt-2.0.0-cp314-cp314t-manylinux_2_31_riscv64.manylinux_2_39_riscv64.whl", hash = "sha256:e52e50ea0a72ea48d1291cf8b8aaedcc99072d9dc5baba6b820486dcf4c67da8", size = 146113, upload-time = "2025-10-19T23:47:13.026Z" },
    { url = "https://files.pythonhosted.org/packages/9e/e2/3116a9eade8bea2bf5eedba3fa420e3c7d193d4b047440330d8eaf1098de/wrapt-2.0.0-cp314-cp314t-musllinux_1_2_aarch64.whl", hash = "sha256:1fd4c95536975895f32571073446e614d5e2810b666b64955586dcddfd438fd3", size = 155689, upload-time = "2025-10-19T23:47:19.397Z" },
    { url = "https://files.pythonhosted.org/packages/43/1c/277d3fbe9d177830ab9e54fe9253f38455b75a22d639a4bd9fa092d55ae5/wrapt-2.0.0-cp314-cp314t-musllinux_1_2_riscv64.whl", hash = "sha256:d6ebfe9283209220ed9de80a3e9442aab8fc2be5a9bbf8491b99e02ca9349a89", size = 144403, upload-time = "2025-10-19T23:47:20.779Z" },
    { url = "https://files.pythonhosted.org/packages/d8/37/ab6ddaf182248aac5ed925725ef4c69a510594764665ecbd95bdd4481f16/wrapt-2.0.0-cp314-cp314t-musllinux_1_2_x86_64.whl", hash = "sha256:5d3ebd784804f146b7ea55359beb138e23cc18e5a5cc2cf26ad438723c00ce3a", size = 150307, upload-time = "2025-10-19T23:47:22.604Z" },
    { url = "https://files.pythonhosted.org/packages/f6/d7/df9e2d8040a3af618ff9496261cf90ca4f886fd226af0f4a69ac0c020c3b/wrapt-2.0.0-cp314-cp314t-win32.whl", hash = "sha256:9b15940ae9debc8b40b15dc57e1ce4433f7fb9d3f8761c7fab1ddd94cb999d99", size = 60557, upload-time = "2025-10-19T23:47:26.73Z" },
    { url = "https://files.pythonhosted.org/packages/b4/c2/502bd4557a3a9199ea73cc5932cf83354bd362682162f0b14164d2e90216/wrapt-2.0.0-cp314-cp314t-win_amd64.whl", hash = "sha256:7a0efbbc06d3e2077476a04f55859819d23206600b4c33f791359a8e6fa3c362", size = 63988, upload-time = "2025-10-19T23:47:23.826Z" },
    { url = "https://files.pythonhosted.org/packages/1f/f2/632b13942f45db7af709f346ff38b8992c8c21b004e61ab320b0dec525fe/wrapt-2.0.0-cp314-cp314t-win_arm64.whl", hash = "sha256:7fec8a9455c029c8cf4ff143a53b6e7c463268d42be6c17efa847ebd2f809965", size = 60584, upload-time = "2025-10-19T23:47:25.396Z" },
    { url = "https://files.pythonhosted.org/packages/00/5c/c34575f96a0a038579683c7f10fca943c15c7946037d1d254ab9db1536ec/wrapt-2.0.0-py3-none-any.whl", hash = "sha256:02482fb0df89857e35427dfb844319417e14fae05878f295ee43fa3bf3b15502", size = 43998, upload-time = "2025-10-19T23:47:52.858Z" },
]

[[package]]
name = "wxpython"
version = "4.2.4"
source = { registry = "https://pypi.org/simple" }
sdist = { url = "https://files.pythonhosted.org/packages/80/6e/b70e6dbdd7cb4f154b7ca424b4c7799f7b067f7a9f4204b8d16d6464648f/wxpython-4.2.4.tar.gz", hash = "sha256:2eb123979c87bcb329e8a2452269d60ff8f9f651e9bf25c67579e53c4ebbae3c", size = 58583054, upload-time = "2025-10-29T13:22:37.726Z" }
wheels = [
    { url = "https://files.pythonhosted.org/packages/6a/f0/f0ce54fe5ff8fb3d11cd19d69963becdc24e856b639d7e566b87690a67ad/wxpython-4.2.4-cp313-cp313-macosx_10_13_x86_64.whl", hash = "sha256:4ff49e0a0dd08235f00c3df26a0644bc14197ecd8c2361fcea9a7a1dffc1c8db", size = 18776857, upload-time = "2025-10-29T04:02:29.956Z" },
    { url = "https://files.pythonhosted.org/packages/6d/a0/770a91842f65a5586f4a172cd76a770d6e0681a629144345a002f8bcb20d/wxpython-4.2.4-cp313-cp313-macosx_11_0_arm64.whl", hash = "sha256:b2286456eedf8cddeb25adc375e5f4a201d35c8eee7dbb2fce1cb39acc06e809", size = 17838771, upload-time = "2025-10-29T04:02:32.273Z" },
    { url = "https://files.pythonhosted.org/packages/26/a4/57b0110944f62ce37c4e3e5f9f1a116b6df2b7b8a3406a90b95272c211ad/wxpython-4.2.4-cp313-cp313-win32.whl", hash = "sha256:b0920fe193e2bbd90c6d3fbb9a8101f1276229638aff29f66bfe521901c3a0b8", size = 14506941, upload-time = "2025-10-29T04:02:34.513Z" },
    { url = "https://files.pythonhosted.org/packages/77/d4/e1f63f1b4fe97a12f2dbe76feba678b2a35fd2d9d9c8c60ba94a271f01e8/wxpython-4.2.4-cp313-cp313-win_amd64.whl", hash = "sha256:a0a532ee6e6a3ce0d1fb2e223159d4b8ec42f8a844c852da936fb23cba6b9335", size = 16549467, upload-time = "2025-10-29T04:02:36.666Z" },
    { url = "https://files.pythonhosted.org/packages/b3/1e/df43d6fcbde2389894a068e7d41d44820a19f1bb7a78daa8fb687cd8f1a8/wxpython-4.2.4-cp313-cp313-win_arm64.whl", hash = "sha256:e82ab099df0b6c55bcfad198822648a6275bbb575ce09502a9085b290ec9852d", size = 15533173, upload-time = "2025-10-29T04:02:39.139Z" },
    { url = "https://files.pythonhosted.org/packages/b3/a4/4af3229c6629a6469f6a6f3a2cf060d0259c171bc446991e374717115c32/wxpython-4.2.4-cp314-cp314-macosx_10_15_x86_64.whl", hash = "sha256:20bdd73d51c4fcc9f026a059d95654aaf68540562faf23340a2224fdfa319798", size = 18783337, upload-time = "2025-10-29T04:02:41.328Z" },
    { url = "https://files.pythonhosted.org/packages/e3/8f/5f1ac8e0d681cf3396acd49ce762b334f3fb754b54d96d5386e17e174eb4/wxpython-4.2.4-cp314-cp314-macosx_11_0_arm64.whl", hash = "sha256:4842f9639869e455a032ef7471d974c0c8c8b7d9ba73327982d84b9d96537a08", size = 17845443, upload-time = "2025-10-29T04:02:43.551Z" },
    { url = "https://files.pythonhosted.org/packages/72/6e/62f3c7c2f509057888ad87d141c4c77d375cfb8e4ac820654d3b972b529f/wxpython-4.2.4-cp314-cp314-win32.whl", hash = "sha256:7e7c3baa2aab55f1c0a14fdd1b371f8ec0cff1cc2f6171497643f977b243f750", size = 14848210, upload-time = "2025-10-29T04:02:45.812Z" },
    { url = "https://files.pythonhosted.org/packages/27/e0/6d6762d2857963abc06f56fc14a605d1c69d83b0abf3a0702fcffb78bf3a/wxpython-4.2.4-cp314-cp314-win_amd64.whl", hash = "sha256:dae6d80067f64498e530d2c5f47c81f5f1a6f32e820b3b59f05062c1629ff97d", size = 16918656, upload-time = "2025-10-29T04:02:48.273Z" },
    { url = "https://files.pythonhosted.org/packages/ff/2d/d437e56efe7e1ec5bb7af59d6651913e18e3fa9ecdacdec7a129d5285baa/wxpython-4.2.4-cp314-cp314-win_arm64.whl", hash = "sha256:f7b649542969c2221d2963695de11c74c12060e83d412f4017ba03e7787c9c5d", size = 15807097, upload-time = "2025-10-29T04:02:51.066Z" },
]
